PODS:
  - camerawesome (0.0.1):
    - Flutter
  - Flutter (1.0.0)
  - package_info_plus (0.4.5):
    - Flutter
  - path_provider (0.0.1):
    - Flutter

DEPENDENCIES:
  - camerawesome (from `.symlinks/plugins/camerawesome/ios`)
  - Flutter (from `Flutter`)
  - package_info_plus (from `.symlinks/plugins/package_info_plus/ios`)
  - path_provider (from `.symlinks/plugins/path_provider/ios`)

EXTERNAL SOURCES:
  camerawesome:
    :path: ".symlinks/plugins/camerawesome/ios"
  Flutter:
    :path: Flutter
  package_info_plus:
    :path: ".symlinks/plugins/package_info_plus/ios"
  path_provider:
    :path: ".symlinks/plugins/path_provider/ios"

SPEC CHECKSUMS:
  camerawesome: 0f8628efae993cb064ec4f36322e89c237e1064f
  Flutter: 434fef37c0980e73bb6479ef766c45957d4b510c
  package_info_plus: 6c92f08e1f853dc01228d6f553146438dafcd14e
  path_provider: abfe2b5c733d04e238b0d8691db0cfd63a27a93c

PODFILE CHECKSUM: aafe91acc616949ddb318b77800a7f51bffa2a4c

COCOAPODS: 1.10.1
